
Microsoft Visual Studio Solution File, Format Version 12.00
# Visual Studio 14
VisualStudioVersion = 14.0.24720.0
MinimumVisualStudioVersion = 10.0.40219.1
Project("{FAE04EC0-301F-11D3-BF4B-00C04F79EFBC}") = "BamApps.Excido.Data.Model", "BamApps.Excido.Data.Model\BamApps.Excido.Data.Model.csproj", "{CA9C930A-405B-42E6-84F7-C2F2FD734616}"
EndProject
Project("{FAE04EC0-301F-11D3-BF4B-00C04F79EFBC}") = "BamApps.Excido.Data.Context", "BamApps.Excido.Data.Context\BamApps.Excido.Data.Context.csproj", "{FBD14C1B-415F-4C8D-B121-A5ED8B193411}"
EndProject
Project("{FAE04EC0-301F-11D3-BF4B-00C04F79EFBC}") = "BamApps.Excido.Data.Map", "BamApps.Excido.Data.Map\BamApps.Excido.Data.Map.csproj", "{D63F6075-0BBC-4998-B4EE-2A1AEB1A1645}"
EndProject
Project("{FAE04EC0-301F-11D3-BF4B-00C04F79EFBC}") = "BamApps.Excido.Data.Extensions", "BamApps.Excido.Data.Extensions\BamApps.Excido.Data.Extensions.csproj", "{0F646FCA-F90C-4B39-B386-3F2AFB9D9971}"
EndProject
Project("{FAE04EC0-301F-11D3-BF4B-00C04F79EFBC}") = "BamApps.Excido.Interface", "BamApps.Excido.Interface\BamApps.Excido.Interface.csproj", "{23A2DDBE-8A4E-4424-A586-4DFD35B189F7}"
EndProject
Project("{FAE04EC0-301F-11D3-BF4B-00C04F79EFBC}") = "BamApps.Excido.Service", "BamApps.Excido.Service\BamApps.Excido.Service.csproj", "{32C40257-3DB8-451C-B3FE-FF57779B5CBC}"
EndProject
Project("{FAE04EC0-301F-11D3-BF4B-00C04F79EFBC}") = "BamApps.Excido.WebApi", "BamApps.Excido.WebApi\BamApps.Excido.WebApi.csproj", "{78134BED-9B20-4B7B-B6BA-E933A2B71B77}"
EndProject
Project("{FAE04EC0-301F-11D3-BF4B-00C04F79EFBC}") = "BamApps.Excido.Angular", "BamApps.Excido.Angular\BamApps.Excido.Angular.csproj", "{FB6AADAB-5A36-4B91-8087-0399ADBEF4A4}"
EndProject
Project("{FAE04EC0-301F-11D3-BF4B-00C04F79EFBC}") = "BamApps.Excido.Service.Tests", "BamApps.Excido.Service.Tests\BamApps.Excido.Service.Tests.csproj", "{5D1B2440-B75F-4847-A80D-E1FB45B04FDB}"
EndProject
Project("{2150E333-8FDC-42A3-9474-1A3956D46DE8}") = "Solution Items", "Solution Items", "{D3AB63F4-2EBA-465E-877C-D5AA7ACCF9AF}"
	ProjectSection(SolutionItems) = preProject
		.runsettings = .runsettings
	EndProjectSection
EndProject
Project("{FAE04EC0-301F-11D3-BF4B-00C04F79EFBC}") = "BamApps.Identity.WebApi", "BamApps.Identity.WebApi\BamApps.Identity.WebApi.csproj", "{19A628D2-2113-413C-BB38-621C08562F5B}"
EndProject
Global
	GlobalSection(SolutionConfigurationPlatforms) = preSolution
		Debug|Any CPU = Debug|Any CPU
		Dev Release|Any CPU = Dev Release|Any CPU
		Release|Any CPU = Release|Any CPU
	EndGlobalSection
	GlobalSection(ProjectConfigurationPlatforms) = postSolution
		{CA9C930A-405B-42E6-84F7-C2F2FD734616}.Debug|Any CPU.ActiveCfg = Debug|Any CPU
		{CA9C930A-405B-42E6-84F7-C2F2FD734616}.Debug|Any CPU.Build.0 = Debug|Any CPU
		{CA9C930A-405B-42E6-84F7-C2F2FD734616}.Dev Release|Any CPU.ActiveCfg = Dev Release|Any CPU
		{CA9C930A-405B-42E6-84F7-C2F2FD734616}.Dev Release|Any CPU.Build.0 = Dev Release|Any CPU
		{CA9C930A-405B-42E6-84F7-C2F2FD734616}.Release|Any CPU.ActiveCfg = Release|Any CPU
		{CA9C930A-405B-42E6-84F7-C2F2FD734616}.Release|Any CPU.Build.0 = Release|Any CPU
		{FBD14C1B-415F-4C8D-B121-A5ED8B193411}.Debug|Any CPU.ActiveCfg = Debug|Any CPU
		{FBD14C1B-415F-4C8D-B121-A5ED8B193411}.Debug|Any CPU.Build.0 = Debug|Any CPU
		{FBD14C1B-415F-4C8D-B121-A5ED8B193411}.Dev Release|Any CPU.ActiveCfg = Dev Release|Any CPU
		{FBD14C1B-415F-4C8D-B121-A5ED8B193411}.Dev Release|Any CPU.Build.0 = Dev Release|Any CPU
		{FBD14C1B-415F-4C8D-B121-A5ED8B193411}.Release|Any CPU.ActiveCfg = Release|Any CPU
		{FBD14C1B-415F-4C8D-B121-A5ED8B193411}.Release|Any CPU.Build.0 = Release|Any CPU
		{D63F6075-0BBC-4998-B4EE-2A1AEB1A1645}.Debug|Any CPU.ActiveCfg = Debug|Any CPU
		{D63F6075-0BBC-4998-B4EE-2A1AEB1A1645}.Debug|Any CPU.Build.0 = Debug|Any CPU
		{D63F6075-0BBC-4998-B4EE-2A1AEB1A1645}.Dev Release|Any CPU.ActiveCfg = Dev Release|Any CPU
		{D63F6075-0BBC-4998-B4EE-2A1AEB1A1645}.Dev Release|Any CPU.Build.0 = Dev Release|Any CPU
		{D63F6075-0BBC-4998-B4EE-2A1AEB1A1645}.Release|Any CPU.ActiveCfg = Release|Any CPU
		{D63F6075-0BBC-4998-B4EE-2A1AEB1A1645}.Release|Any CPU.Build.0 = Release|Any CPU
		{0F646FCA-F90C-4B39-B386-3F2AFB9D9971}.Debug|Any CPU.ActiveCfg = Debug|Any CPU
		{0F646FCA-F90C-4B39-B386-3F2AFB9D9971}.Debug|Any CPU.Build.0 = Debug|Any CPU
		{0F646FCA-F90C-4B39-B386-3F2AFB9D9971}.Dev Release|Any CPU.ActiveCfg = Dev Release|Any CPU
		{0F646FCA-F90C-4B39-B386-3F2AFB9D9971}.Dev Release|Any CPU.Build.0 = Dev Release|Any CPU
		{0F646FCA-F90C-4B39-B386-3F2AFB9D9971}.Release|Any CPU.ActiveCfg = Release|Any CPU
		{0F646FCA-F90C-4B39-B386-3F2AFB9D9971}.Release|Any CPU.Build.0 = Release|Any CPU
		{23A2DDBE-8A4E-4424-A586-4DFD35B189F7}.Debug|Any CPU.ActiveCfg = Debug|Any CPU
		{23A2DDBE-8A4E-4424-A586-4DFD35B189F7}.Debug|Any CPU.Build.0 = Debug|Any CPU
		{23A2DDBE-8A4E-4424-A586-4DFD35B189F7}.Dev Release|Any CPU.ActiveCfg = Dev Release|Any CPU
		{23A2DDBE-8A4E-4424-A586-4DFD35B189F7}.Dev Release|Any CPU.Build.0 = Dev Release|Any CPU
		{23A2DDBE-8A4E-4424-A586-4DFD35B189F7}.Release|Any CPU.ActiveCfg = Release|Any CPU
		{23A2DDBE-8A4E-4424-A586-4DFD35B189F7}.Release|Any CPU.Build.0 = Release|Any CPU
		{32C40257-3DB8-451C-B3FE-FF57779B5CBC}.Debug|Any CPU.ActiveCfg = Debug|Any CPU
		{32C40257-3DB8-451C-B3FE-FF57779B5CBC}.Debug|Any CPU.Build.0 = Debug|Any CPU
		{32C40257-3DB8-451C-B3FE-FF57779B5CBC}.Dev Release|Any CPU.ActiveCfg = Dev Release|Any CPU
		{32C40257-3DB8-451C-B3FE-FF57779B5CBC}.Dev Release|Any CPU.Build.0 = Dev Release|Any CPU
		{32C40257-3DB8-451C-B3FE-FF57779B5CBC}.Release|Any CPU.ActiveCfg = Release|Any CPU
		{32C40257-3DB8-451C-B3FE-FF57779B5CBC}.Release|Any CPU.Build.0 = Release|Any CPU
		{78134BED-9B20-4B7B-B6BA-E933A2B71B77}.Debug|Any CPU.ActiveCfg = Debug|Any CPU
		{78134BED-9B20-4B7B-B6BA-E933A2B71B77}.Debug|Any CPU.Build.0 = Debug|Any CPU
		{78134BED-9B20-4B7B-B6BA-E933A2B71B77}.Dev Release|Any CPU.ActiveCfg = Dev Release|Any CPU
		{78134BED-9B20-4B7B-B6BA-E933A2B71B77}.Dev Release|Any CPU.Build.0 = Dev Release|Any CPU
		{78134BED-9B20-4B7B-B6BA-E933A2B71B77}.Release|Any CPU.ActiveCfg = Release|Any CPU
		{78134BED-9B20-4B7B-B6BA-E933A2B71B77}.Release|Any CPU.Build.0 = Release|Any CPU
		{FB6AADAB-5A36-4B91-8087-0399ADBEF4A4}.Debug|Any CPU.ActiveCfg = Debug|Any CPU
		{FB6AADAB-5A36-4B91-8087-0399ADBEF4A4}.Debug|Any CPU.Build.0 = Debug|Any CPU
		{FB6AADAB-5A36-4B91-8087-0399ADBEF4A4}.Dev Release|Any CPU.ActiveCfg = Dev Release|Any CPU
		{FB6AADAB-5A36-4B91-8087-0399ADBEF4A4}.Dev Release|Any CPU.Build.0 = Dev Release|Any CPU
		{FB6AADAB-5A36-4B91-8087-0399ADBEF4A4}.Release|Any CPU.ActiveCfg = Release|Any CPU
		{FB6AADAB-5A36-4B91-8087-0399ADBEF4A4}.Release|Any CPU.Build.0 = Release|Any CPU
		{5D1B2440-B75F-4847-A80D-E1FB45B04FDB}.Debug|Any CPU.ActiveCfg = Debug|Any CPU
		{5D1B2440-B75F-4847-A80D-E1FB45B04FDB}.Debug|Any CPU.Build.0 = Debug|Any CPU
		{5D1B2440-B75F-4847-A80D-E1FB45B04FDB}.Dev Release|Any CPU.ActiveCfg = Dev Release|Any CPU
		{5D1B2440-B75F-4847-A80D-E1FB45B04FDB}.Dev Release|Any CPU.Build.0 = Dev Release|Any CPU
		{5D1B2440-B75F-4847-A80D-E1FB45B04FDB}.Release|Any CPU.ActiveCfg = Release|Any CPU
		{5D1B2440-B75F-4847-A80D-E1FB45B04FDB}.Release|Any CPU.Build.0 = Release|Any CPU
		{19A628D2-2113-413C-BB38-621C08562F5B}.Debug|Any CPU.ActiveCfg = Debug|Any CPU
		{19A628D2-2113-413C-BB38-621C08562F5B}.Debug|Any CPU.Build.0 = Debug|Any CPU
		{19A628D2-2113-413C-BB38-621C08562F5B}.Dev Release|Any CPU.ActiveCfg = Dev Release|Any CPU
		{19A628D2-2113-413C-BB38-621C08562F5B}.Dev Release|Any CPU.Build.0 = Dev Release|Any CPU
		{19A628D2-2113-413C-BB38-621C08562F5B}.Release|Any CPU.ActiveCfg = Release|Any CPU
		{19A628D2-2113-413C-BB38-621C08562F5B}.Release|Any CPU.Build.0 = Release|Any CPU
	EndGlobalSection
	GlobalSection(SolutionProperties) = preSolution
		HideSolutionNode = FALSE
	EndGlobalSection
	GlobalSection(TeamFoundationVersionControl) = preSolution
		SccNumberOfProjects = 11
		SccEnterpriseProvider = {4CA58AB2-18FA-4F8D-95D4-32DDF27D184C}
		SccTeamFoundationServer = https://bamapps.visualstudio.com/defaultcollection
		SccProjectUniqueName0 = BamApps.Excido.Data.Model\\BamApps.Excido.Data.Model.csproj
		SccProjectName0 = BamApps.Excido.Data.Model
		SccLocalPath0 = BamApps.Excido.Data.Model
		SccProjectUniqueName1 = BamApps.Excido.Data.Context\\BamApps.Excido.Data.Context.csproj
		SccProjectName1 = BamApps.Excido.Data.Context
		SccLocalPath1 = BamApps.Excido.Data.Context
		SccProjectUniqueName2 = BamApps.Excido.Data.Map\\BamApps.Excido.Data.Map.csproj
		SccProjectName2 = BamApps.Excido.Data.Map
		SccLocalPath2 = BamApps.Excido.Data.Map
		SccProjectUniqueName3 = BamApps.Excido.Data.Extensions\\BamApps.Excido.Data.Extensions.csproj
		SccProjectName3 = BamApps.Excido.Data.Extensions
		SccLocalPath3 = BamApps.Excido.Data.Extensions
		SccProjectUniqueName4 = BamApps.Excido.Interface\\BamApps.Excido.Interface.csproj
		SccProjectName4 = BamApps.Excido.Interface
		SccLocalPath4 = BamApps.Excido.Interface
		SccProjectUniqueName5 = BamApps.Excido.Service\\BamApps.Excido.Service.csproj
		SccProjectName5 = BamApps.Excido.Service
		SccLocalPath5 = BamApps.Excido.Service
		SccProjectUniqueName6 = BamApps.Excido.WebApi\\BamApps.Excido.WebApi.csproj
		SccProjectName6 = BamApps.Excido.WebApi
		SccLocalPath6 = BamApps.Excido.WebApi
		SccProjectUniqueName7 = BamApps.Excido.Angular\\BamApps.Excido.Angular.csproj
		SccProjectName7 = BamApps.Excido.Angular
		SccLocalPath7 = BamApps.Excido.Angular
		SccProjectUniqueName8 = BamApps.Excido.Service.Tests\\BamApps.Excido.Service.Tests.csproj
		SccProjectName8 = BamApps.Excido.Service.Tests
		SccLocalPath8 = BamApps.Excido.Service.Tests
		SccLocalPath9 = .
		SccProjectUniqueName10 = BamApps.Identity.WebApi\\BamApps.Identity.WebApi.csproj
		SccProjectName10 = BamApps.Identity.WebApi
		SccLocalPath10 = BamApps.Identity.WebApi
	EndGlobalSection
EndGlobal
